# THIS IS AN AUTOGENERATED FILE. DO NOT EDIT THIS FILE DIRECTLY.
# yarn lockfile v1


"@types/node@^16.0.1":
  version "16.11.22"
  resolved "https://registry.yarnpkg.com/@types/node/-/node-16.11.22.tgz#e704150225bfc4195f8ce68a7ac8da02b753549a"
  integrity sha512-DYNtJWauMQ9RNpesl4aVothr97/tIJM8HbyOXJ0AYT1Z2bEjLHyfjOBPAQQVMLf8h3kSShYfNk8Wnto8B2zHUA==

typescript@^4.3.4:
  version "4.5.5"
  resolved "https://registry.yarnpkg.com/typescript/-/typescript-4.5.5.tgz#d8c953832d28924a9e3d37c73d729c846c5896f3"
  integrity sha512-TCTIul70LyWe6IJWT8QSYeA54WQe8EjQFU4wY52Fasj5UKx88LNYKCgBEHcOMOrFF1rKGbD8v/xcNWVUq9SymA==
